
Microsoft Visual Studio Solution File, Format Version 10.00
# Visual Studio 2008
Project("{8BC9CEB8-8B4A-11D0-8D11-00A0C91BC942}") = "vs2008", "vs2008.vcproj", "{F650B33C-1ADE-41B4-9468-046B591962E6}"
EndProject
Global
	GlobalSection(SolutionConfigurationPlatforms) = preSolution
		Debug|Win32 = Debug|Win32
		Release|Win32 = Release|Win32
	EndGlobalSection
	GlobalSection(ProjectConfigurationPlatforms) = postSolution
		{F650B33C-1ADE-41B4-9468-046B591962E6}.Debug|Win32.ActiveCfg = Debug|Win32
		{F650B33C-1ADE-41B4-9468-046B591962E6}.Debug|Win32.Build.0 = Debug|Win32
		{F650B33C-1ADE-41B4-9468-046B591962E6}.Release|Win32.ActiveCfg = Release|Win32
		{F650B33C-1ADE-41B4-9468-046B591962E6}.Release|Win32.Build.0 = Release|Win32
	EndGlobalSection
	GlobalSection(SolutionProperties) = preSolution
		HideSolutionNode = FALSE
	EndGlobalSection
EndGlobal
